
Microsoft Visual Studio Solution File, Format Version 12.00
# Visual Studio Version 17
VisualStudioVersion = 17.2.32616.157
MinimumVisualStudioVersion = 10.0.40219.1
Project("{2150E333-8FDC-42A3-9474-1A3956D46DE8}") = "Core", "Core", "{F55AAB50-E804-4340-B561-ABB93B55640D}"
EndProject
Project("{2150E333-8FDC-42A3-9474-1A3956D46DE8}") = "Infrastructure", "Infrastructure", "{85DD3358-6299-430F-9DF0-5EB361D7141D}"
EndProject
Project("{2150E333-8FDC-42A3-9474-1A3956D46DE8}") = "Presentation", "Presentation", "{EE876E71-F07D-4630-9352-0C60598BAF2E}"
EndProject
Project("{2150E333-8FDC-42A3-9474-1A3956D46DE8}") = "Shared", "Shared", "{D6D41B05-C283-4169-85EE-8167599C3507}"
EndProject
Project("{2150E333-8FDC-42A3-9474-1A3956D46DE8}") = "PAYMENT", "PAYMENT", "{D7FB9F31-243D-4995-A49D-208AB04C48F8}"
EndProject
Project("{2150E333-8FDC-42A3-9474-1A3956D46DE8}") = "Core", "Core", "{9CD39D68-99A3-495C-944F-30740C29A372}"
EndProject
Project("{9A19103F-16F7-4668-BE54-9A1E7A4F7556}") = "ApplicationPayment", "PAYMENT\Core\Application\ApplicationPayment.csproj", "{A2C3E0A8-DF93-429C-9C43-C53FA6BC52FA}"
EndProject
Project("{9A19103F-16F7-4668-BE54-9A1E7A4F7556}") = "DomainPayment", "PAYMENT\Core\Domain\DomainPayment.csproj", "{434CDA23-337D-4B91-BCE6-DBD90987615C}"
EndProject
Project("{2150E333-8FDC-42A3-9474-1A3956D46DE8}") = "Infrastructure", "Infrastructure", "{04F96ED8-CF1F-4304-87C0-A1A7C2D6FD69}"
EndProject
Project("{9A19103F-16F7-4668-BE54-9A1E7A4F7556}") = "PaymentPersistance", "PAYMENT\Infrastructure\Persistance\PaymentPersistance.csproj", "{4B847FDB-DB21-4A4F-9213-E61918C09890}"
EndProject
Project("{2150E333-8FDC-42A3-9474-1A3956D46DE8}") = "Presentation", "Presentation", "{FCD0D02F-5A56-4604-BD84-59F56403BD48}"
EndProject
Project("{9A19103F-16F7-4668-BE54-9A1E7A4F7556}") = "PaymentAPI", "Payment\Presentation\PaymentAPI\PaymentAPI.csproj", "{4233269B-B13F-4575-9102-92DD8AEEEB07}"
EndProject
Project("{9A19103F-16F7-4668-BE54-9A1E7A4F7556}") = "PaymentProcessOutboxJob", "PAYMENT\PaymentProcessOutboxJob\PaymentProcessOutboxJob.csproj", "{673A9374-A85F-42C8-AA74-19443980201D}"
EndProject
Project("{9A19103F-16F7-4668-BE54-9A1E7A4F7556}") = "Shared", "Shared\Shared.csproj", "{75509B16-4BAE-439B-95BA-C2A8E5F768F3}"
EndProject
Project("{9A19103F-16F7-4668-BE54-9A1E7A4F7556}") = "ProcessOutboxJob", "ProcessOutboxJob\ProcessOutboxJob.csproj", "{38D32AB4-A417-4F8E-96CE-ACC8B1371F31}"
EndProject
Project("{9A19103F-16F7-4668-BE54-9A1E7A4F7556}") = "OrderAPI", "Presentation\OrderAPI\OrderAPI.csproj", "{5EC4F508-6C00-4EF1-9F31-84E89EA2491D}"
EndProject
Project("{9A19103F-16F7-4668-BE54-9A1E7A4F7556}") = "StockAPI", "Presentation\StockAPI\StockAPI.csproj", "{346D7E76-FF56-4A26-816F-4AA14774D2D7}"
EndProject
Project("{9A19103F-16F7-4668-BE54-9A1E7A4F7556}") = "Persistance", "Infrastructure\Persistance\Persistance.csproj", "{820C39F5-75BC-4D26-A426-A554D8623A74}"
EndProject
Project("{9A19103F-16F7-4668-BE54-9A1E7A4F7556}") = "Application", "Core\Application\Application.csproj", "{F8588F38-979F-4968-9C86-B31936C8581C}"
EndProject
Project("{9A19103F-16F7-4668-BE54-9A1E7A4F7556}") = "Domain", "Core\Domain\Domain.csproj", "{31326D3D-13F0-4A67-82BD-F8CB451FB8D6}"
EndProject
Project("{2150E333-8FDC-42A3-9474-1A3956D46DE8}") = "NOTIFICATION", "NOTIFICATION", "{A17FA9AD-5214-4520-8BE7-5BE51E0D0AE0}"
EndProject
Project("{2150E333-8FDC-42A3-9474-1A3956D46DE8}") = "Core", "Core", "{717C7130-45A7-4023-AB91-0A96559F33D7}"
EndProject
Project("{2150E333-8FDC-42A3-9474-1A3956D46DE8}") = "Infrastructure", "Infrastructure", "{6A830158-B750-4A2A-86B6-067582D0EC2A}"
EndProject
Project("{2150E333-8FDC-42A3-9474-1A3956D46DE8}") = "Presentation", "Presentation", "{12CC31BA-D5A2-43DA-BFE4-1840BAE241C4}"
EndProject
Project("{9A19103F-16F7-4668-BE54-9A1E7A4F7556}") = "NotificationAPI", "NOTIFICATION\Presentation\NotificationAPI\NotificationAPI.csproj", "{8B2FA7D4-89C2-46B6-A656-5E356426A646}"
EndProject
Project("{9A19103F-16F7-4668-BE54-9A1E7A4F7556}") = "NotificationProcessOutboxJob", "NOTIFICATION\NotificationProcessOutboxJob\NotificationProcessOutboxJob.csproj", "{9E06CEC2-39E2-486D-9C49-9990519374CE}"
EndProject
Project("{2150E333-8FDC-42A3-9474-1A3956D46DE8}") = "Consumers", "Consumers", "{2837359C-1390-421E-8031-975254820576}"
EndProject
Project("{FAE04EC0-301F-11D3-BF4B-00C04F79EFBC}") = "PaymentResponseEventConsumer", "Presentation\Consumers\PaymentResponseEventConsumer\PaymentResponseEventConsumer.csproj", "{5EA169EF-C711-4298-9B6B-CD1EBF71E706}"
EndProject
Project("{FAE04EC0-301F-11D3-BF4B-00C04F79EFBC}") = "ApplicationNotification", "Core\ApplicationNotification\ApplicationNotification.csproj", "{83F04B1A-09CB-49DE-9131-0E46897EEF95}"
EndProject
Project("{FAE04EC0-301F-11D3-BF4B-00C04F79EFBC}") = "DomainNotification", "Core\DomainNotification\DomainNotification.csproj", "{FCB8D10D-B2A8-46E4-BDA1-90E2D568BD51}"
EndProject
Project("{FAE04EC0-301F-11D3-BF4B-00C04F79EFBC}") = "PersistanceNotification", "PersistanceNotification\PersistanceNotification.csproj", "{C22E25E7-FC39-4CF4-BBFB-F71B36C82F65}"
EndProject
Global
	GlobalSection(SolutionConfigurationPlatforms) = preSolution
		Debug|Any CPU = Debug|Any CPU
		Release|Any CPU = Release|Any CPU
	EndGlobalSection
	GlobalSection(ProjectConfigurationPlatforms) = postSolution
		{A2C3E0A8-DF93-429C-9C43-C53FA6BC52FA}.Debug|Any CPU.ActiveCfg = Debug|Any CPU
		{A2C3E0A8-DF93-429C-9C43-C53FA6BC52FA}.Debug|Any CPU.Build.0 = Debug|Any CPU
		{A2C3E0A8-DF93-429C-9C43-C53FA6BC52FA}.Release|Any CPU.ActiveCfg = Release|Any CPU
		{A2C3E0A8-DF93-429C-9C43-C53FA6BC52FA}.Release|Any CPU.Build.0 = Release|Any CPU
		{434CDA23-337D-4B91-BCE6-DBD90987615C}.Debug|Any CPU.ActiveCfg = Debug|Any CPU
		{434CDA23-337D-4B91-BCE6-DBD90987615C}.Debug|Any CPU.Build.0 = Debug|Any CPU
		{434CDA23-337D-4B91-BCE6-DBD90987615C}.Release|Any CPU.ActiveCfg = Release|Any CPU
		{434CDA23-337D-4B91-BCE6-DBD90987615C}.Release|Any CPU.Build.0 = Release|Any CPU
		{4B847FDB-DB21-4A4F-9213-E61918C09890}.Debug|Any CPU.ActiveCfg = Debug|Any CPU
		{4B847FDB-DB21-4A4F-9213-E61918C09890}.Debug|Any CPU.Build.0 = Debug|Any CPU
		{4B847FDB-DB21-4A4F-9213-E61918C09890}.Release|Any CPU.ActiveCfg = Release|Any CPU
		{4B847FDB-DB21-4A4F-9213-E61918C09890}.Release|Any CPU.Build.0 = Release|Any CPU
		{4233269B-B13F-4575-9102-92DD8AEEEB07}.Debug|Any CPU.ActiveCfg = Debug|Any CPU
		{4233269B-B13F-4575-9102-92DD8AEEEB07}.Debug|Any CPU.Build.0 = Debug|Any CPU
		{4233269B-B13F-4575-9102-92DD8AEEEB07}.Release|Any CPU.ActiveCfg = Release|Any CPU
		{4233269B-B13F-4575-9102-92DD8AEEEB07}.Release|Any CPU.Build.0 = Release|Any CPU
		{673A9374-A85F-42C8-AA74-19443980201D}.Debug|Any CPU.ActiveCfg = Debug|Any CPU
		{673A9374-A85F-42C8-AA74-19443980201D}.Debug|Any CPU.Build.0 = Debug|Any CPU
		{673A9374-A85F-42C8-AA74-19443980201D}.Release|Any CPU.ActiveCfg = Release|Any CPU
		{673A9374-A85F-42C8-AA74-19443980201D}.Release|Any CPU.Build.0 = Release|Any CPU
		{75509B16-4BAE-439B-95BA-C2A8E5F768F3}.Debug|Any CPU.ActiveCfg = Debug|Any CPU
		{75509B16-4BAE-439B-95BA-C2A8E5F768F3}.Debug|Any CPU.Build.0 = Debug|Any CPU
		{75509B16-4BAE-439B-95BA-C2A8E5F768F3}.Release|Any CPU.ActiveCfg = Release|Any CPU
		{75509B16-4BAE-439B-95BA-C2A8E5F768F3}.Release|Any CPU.Build.0 = Release|Any CPU
		{38D32AB4-A417-4F8E-96CE-ACC8B1371F31}.Debug|Any CPU.ActiveCfg = Debug|Any CPU
		{38D32AB4-A417-4F8E-96CE-ACC8B1371F31}.Debug|Any CPU.Build.0 = Debug|Any CPU
		{38D32AB4-A417-4F8E-96CE-ACC8B1371F31}.Release|Any CPU.ActiveCfg = Release|Any CPU
		{38D32AB4-A417-4F8E-96CE-ACC8B1371F31}.Release|Any CPU.Build.0 = Release|Any CPU
		{5EC4F508-6C00-4EF1-9F31-84E89EA2491D}.Debug|Any CPU.ActiveCfg = Debug|Any CPU
		{5EC4F508-6C00-4EF1-9F31-84E89EA2491D}.Debug|Any CPU.Build.0 = Debug|Any CPU
		{5EC4F508-6C00-4EF1-9F31-84E89EA2491D}.Release|Any CPU.ActiveCfg = Release|Any CPU
		{5EC4F508-6C00-4EF1-9F31-84E89EA2491D}.Release|Any CPU.Build.0 = Release|Any CPU
		{346D7E76-FF56-4A26-816F-4AA14774D2D7}.Debug|Any CPU.ActiveCfg = Debug|Any CPU
		{346D7E76-FF56-4A26-816F-4AA14774D2D7}.Debug|Any CPU.Build.0 = Debug|Any CPU
		{346D7E76-FF56-4A26-816F-4AA14774D2D7}.Release|Any CPU.ActiveCfg = Release|Any CPU
		{346D7E76-FF56-4A26-816F-4AA14774D2D7}.Release|Any CPU.Build.0 = Release|Any CPU
		{820C39F5-75BC-4D26-A426-A554D8623A74}.Debug|Any CPU.ActiveCfg = Debug|Any CPU
		{820C39F5-75BC-4D26-A426-A554D8623A74}.Debug|Any CPU.Build.0 = Debug|Any CPU
		{820C39F5-75BC-4D26-A426-A554D8623A74}.Release|Any CPU.ActiveCfg = Release|Any CPU
		{820C39F5-75BC-4D26-A426-A554D8623A74}.Release|Any CPU.Build.0 = Release|Any CPU
		{F8588F38-979F-4968-9C86-B31936C8581C}.Debug|Any CPU.ActiveCfg = Debug|Any CPU
		{F8588F38-979F-4968-9C86-B31936C8581C}.Debug|Any CPU.Build.0 = Debug|Any CPU
		{F8588F38-979F-4968-9C86-B31936C8581C}.Release|Any CPU.ActiveCfg = Release|Any CPU
		{F8588F38-979F-4968-9C86-B31936C8581C}.Release|Any CPU.Build.0 = Release|Any CPU
		{31326D3D-13F0-4A67-82BD-F8CB451FB8D6}.Debug|Any CPU.ActiveCfg = Debug|Any CPU
		{31326D3D-13F0-4A67-82BD-F8CB451FB8D6}.Debug|Any CPU.Build.0 = Debug|Any CPU
		{31326D3D-13F0-4A67-82BD-F8CB451FB8D6}.Release|Any CPU.ActiveCfg = Release|Any CPU
		{31326D3D-13F0-4A67-82BD-F8CB451FB8D6}.Release|Any CPU.Build.0 = Release|Any CPU
		{8B2FA7D4-89C2-46B6-A656-5E356426A646}.Debug|Any CPU.ActiveCfg = Debug|Any CPU
		{8B2FA7D4-89C2-46B6-A656-5E356426A646}.Debug|Any CPU.Build.0 = Debug|Any CPU
		{8B2FA7D4-89C2-46B6-A656-5E356426A646}.Release|Any CPU.ActiveCfg = Release|Any CPU
		{8B2FA7D4-89C2-46B6-A656-5E356426A646}.Release|Any CPU.Build.0 = Release|Any CPU
		{9E06CEC2-39E2-486D-9C49-9990519374CE}.Debug|Any CPU.ActiveCfg = Debug|Any CPU
		{9E06CEC2-39E2-486D-9C49-9990519374CE}.Debug|Any CPU.Build.0 = Debug|Any CPU
		{9E06CEC2-39E2-486D-9C49-9990519374CE}.Release|Any CPU.ActiveCfg = Release|Any CPU
		{9E06CEC2-39E2-486D-9C49-9990519374CE}.Release|Any CPU.Build.0 = Release|Any CPU
		{5EA169EF-C711-4298-9B6B-CD1EBF71E706}.Debug|Any CPU.ActiveCfg = Debug|Any CPU
		{5EA169EF-C711-4298-9B6B-CD1EBF71E706}.Debug|Any CPU.Build.0 = Debug|Any CPU
		{5EA169EF-C711-4298-9B6B-CD1EBF71E706}.Release|Any CPU.ActiveCfg = Release|Any CPU
		{5EA169EF-C711-4298-9B6B-CD1EBF71E706}.Release|Any CPU.Build.0 = Release|Any CPU
		{83F04B1A-09CB-49DE-9131-0E46897EEF95}.Debug|Any CPU.ActiveCfg = Debug|Any CPU
		{83F04B1A-09CB-49DE-9131-0E46897EEF95}.Debug|Any CPU.Build.0 = Debug|Any CPU
		{83F04B1A-09CB-49DE-9131-0E46897EEF95}.Release|Any CPU.ActiveCfg = Release|Any CPU
		{83F04B1A-09CB-49DE-9131-0E46897EEF95}.Release|Any CPU.Build.0 = Release|Any CPU
		{FCB8D10D-B2A8-46E4-BDA1-90E2D568BD51}.Debug|Any CPU.ActiveCfg = Debug|Any CPU
		{FCB8D10D-B2A8-46E4-BDA1-90E2D568BD51}.Debug|Any CPU.Build.0 = Debug|Any CPU
		{FCB8D10D-B2A8-46E4-BDA1-90E2D568BD51}.Release|Any CPU.ActiveCfg = Release|Any CPU
		{FCB8D10D-B2A8-46E4-BDA1-90E2D568BD51}.Release|Any CPU.Build.0 = Release|Any CPU
		{C22E25E7-FC39-4CF4-BBFB-F71B36C82F65}.Debug|Any CPU.ActiveCfg = Debug|Any CPU
		{C22E25E7-FC39-4CF4-BBFB-F71B36C82F65}.Debug|Any CPU.Build.0 = Debug|Any CPU
		{C22E25E7-FC39-4CF4-BBFB-F71B36C82F65}.Release|Any CPU.ActiveCfg = Release|Any CPU
		{C22E25E7-FC39-4CF4-BBFB-F71B36C82F65}.Release|Any CPU.Build.0 = Release|Any CPU
	EndGlobalSection
	GlobalSection(SolutionProperties) = preSolution
		HideSolutionNode = FALSE
	EndGlobalSection
	GlobalSection(NestedProjects) = preSolution
		{9CD39D68-99A3-495C-944F-30740C29A372} = {D7FB9F31-243D-4995-A49D-208AB04C48F8}
		{A2C3E0A8-DF93-429C-9C43-C53FA6BC52FA} = {9CD39D68-99A3-495C-944F-30740C29A372}
		{434CDA23-337D-4B91-BCE6-DBD90987615C} = {9CD39D68-99A3-495C-944F-30740C29A372}
		{04F96ED8-CF1F-4304-87C0-A1A7C2D6FD69} = {D7FB9F31-243D-4995-A49D-208AB04C48F8}
		{4B847FDB-DB21-4A4F-9213-E61918C09890} = {04F96ED8-CF1F-4304-87C0-A1A7C2D6FD69}
		{FCD0D02F-5A56-4604-BD84-59F56403BD48} = {D7FB9F31-243D-4995-A49D-208AB04C48F8}
		{4233269B-B13F-4575-9102-92DD8AEEEB07} = {FCD0D02F-5A56-4604-BD84-59F56403BD48}
		{673A9374-A85F-42C8-AA74-19443980201D} = {D7FB9F31-243D-4995-A49D-208AB04C48F8}
		{75509B16-4BAE-439B-95BA-C2A8E5F768F3} = {D6D41B05-C283-4169-85EE-8167599C3507}
		{5EC4F508-6C00-4EF1-9F31-84E89EA2491D} = {EE876E71-F07D-4630-9352-0C60598BAF2E}
		{346D7E76-FF56-4A26-816F-4AA14774D2D7} = {EE876E71-F07D-4630-9352-0C60598BAF2E}
		{820C39F5-75BC-4D26-A426-A554D8623A74} = {85DD3358-6299-430F-9DF0-5EB361D7141D}
		{F8588F38-979F-4968-9C86-B31936C8581C} = {F55AAB50-E804-4340-B561-ABB93B55640D}
		{31326D3D-13F0-4A67-82BD-F8CB451FB8D6} = {F55AAB50-E804-4340-B561-ABB93B55640D}
		{717C7130-45A7-4023-AB91-0A96559F33D7} = {A17FA9AD-5214-4520-8BE7-5BE51E0D0AE0}
		{6A830158-B750-4A2A-86B6-067582D0EC2A} = {A17FA9AD-5214-4520-8BE7-5BE51E0D0AE0}
		{12CC31BA-D5A2-43DA-BFE4-1840BAE241C4} = {A17FA9AD-5214-4520-8BE7-5BE51E0D0AE0}
		{8B2FA7D4-89C2-46B6-A656-5E356426A646} = {12CC31BA-D5A2-43DA-BFE4-1840BAE241C4}
		{9E06CEC2-39E2-486D-9C49-9990519374CE} = {A17FA9AD-5214-4520-8BE7-5BE51E0D0AE0}
		{2837359C-1390-421E-8031-975254820576} = {EE876E71-F07D-4630-9352-0C60598BAF2E}
		{5EA169EF-C711-4298-9B6B-CD1EBF71E706} = {2837359C-1390-421E-8031-975254820576}
		{83F04B1A-09CB-49DE-9131-0E46897EEF95} = {717C7130-45A7-4023-AB91-0A96559F33D7}
		{FCB8D10D-B2A8-46E4-BDA1-90E2D568BD51} = {717C7130-45A7-4023-AB91-0A96559F33D7}
		{C22E25E7-FC39-4CF4-BBFB-F71B36C82F65} = {6A830158-B750-4A2A-86B6-067582D0EC2A}
	EndGlobalSection
	GlobalSection(ExtensibilityGlobals) = postSolution
		SolutionGuid = {687AA714-493F-4CE7-AAB3-4CD6B6ED0D60}
	EndGlobalSection
EndGlobal
