
Microsoft Visual Studio Solution File, Format Version 12.00
# Visual Studio Version 17
VisualStudioVersion = 17.2.32616.157
MinimumVisualStudioVersion = 10.0.40219.1
Project("{2150E333-8FDC-42A3-9474-1A3956D46DE8}") = "Core", "Core", "{F55AAB50-E804-4340-B561-ABB93B55640D}"
EndProject
Project("{9A19103F-16F7-4668-BE54-9A1E7A4F7556}") = "Application", "..\OutboxPattern\Core\Application\Application.csproj", "{4AECE11B-AAEE-41A2-BD96-EFE007EF8FA1}"
EndProject
Project("{9A19103F-16F7-4668-BE54-9A1E7A4F7556}") = "Domain", "..\OutboxPattern\Core\Domain\Domain.csproj", "{C85534E5-2378-4201-B351-CA3CD4346141}"
EndProject
Project("{2150E333-8FDC-42A3-9474-1A3956D46DE8}") = "Infrastructure", "Infrastructure", "{85DD3358-6299-430F-9DF0-5EB361D7141D}"
EndProject
Project("{9A19103F-16F7-4668-BE54-9A1E7A4F7556}") = "Persistance", "..\OutboxPattern\Infrastructure\Persistance\Persistance.csproj", "{5B63F48E-269C-4E15-BA51-A6BD398B298E}"
EndProject
Project("{2150E333-8FDC-42A3-9474-1A3956D46DE8}") = "Presentation", "Presentation", "{EE876E71-F07D-4630-9352-0C60598BAF2E}"
EndProject
Project("{9A19103F-16F7-4668-BE54-9A1E7A4F7556}") = "OrderAPI", "..\OutboxPattern\Presentation\OrderAPI\OrderAPI.csproj", "{93F11B6B-55F6-498E-BD28-8F871276724F}"
EndProject
Project("{9A19103F-16F7-4668-BE54-9A1E7A4F7556}") = "StockAPI", "..\OutboxPattern\Presentation\StockAPI\StockAPI.csproj", "{8EFBBA04-C9B2-4A47-A8DA-DCF93A3A782E}"
EndProject
Project("{2150E333-8FDC-42A3-9474-1A3956D46DE8}") = "Shared", "Shared", "{D6D41B05-C283-4169-85EE-8167599C3507}"
EndProject
Project("{9A19103F-16F7-4668-BE54-9A1E7A4F7556}") = "Shared", "..\OutboxPattern\Shared\Shared.csproj", "{46BEEBDB-E35C-4E90-AD14-F2739A6E3982}"
EndProject
Project("{2150E333-8FDC-42A3-9474-1A3956D46DE8}") = "PAYMENT", "PAYMENT", "{D7FB9F31-243D-4995-A49D-208AB04C48F8}"
EndProject
Project("{2150E333-8FDC-42A3-9474-1A3956D46DE8}") = "Core", "Core", "{9CD39D68-99A3-495C-944F-30740C29A372}"
EndProject
Project("{9A19103F-16F7-4668-BE54-9A1E7A4F7556}") = "ApplicationPayment", "PAYMENT\Core\Application\ApplicationPayment.csproj", "{A2C3E0A8-DF93-429C-9C43-C53FA6BC52FA}"
EndProject
Project("{9A19103F-16F7-4668-BE54-9A1E7A4F7556}") = "DomainPayment", "PAYMENT\Core\Domain\DomainPayment.csproj", "{434CDA23-337D-4B91-BCE6-DBD90987615C}"
EndProject
Project("{2150E333-8FDC-42A3-9474-1A3956D46DE8}") = "Infrastructure", "Infrastructure", "{04F96ED8-CF1F-4304-87C0-A1A7C2D6FD69}"
EndProject
Project("{9A19103F-16F7-4668-BE54-9A1E7A4F7556}") = "Persistance", "PAYMENT\Infrastructure\Persistance\Persistance.csproj", "{4B847FDB-DB21-4A4F-9213-E61918C09890}"
EndProject
Project("{2150E333-8FDC-42A3-9474-1A3956D46DE8}") = "Presentation", "Presentation", "{FCD0D02F-5A56-4604-BD84-59F56403BD48}"
EndProject
Project("{9A19103F-16F7-4668-BE54-9A1E7A4F7556}") = "PaymentAPI", "Payment\Presentation\PaymentAPI\PaymentAPI.csproj", "{4233269B-B13F-4575-9102-92DD8AEEEB07}"
EndProject
Project("{9A19103F-16F7-4668-BE54-9A1E7A4F7556}") = "ProcessOutboxJob", "..\OutboxPattern\ProcessOutboxJob\ProcessOutboxJob.csproj", "{9B5780AF-1747-41F5-9A36-332102FDE307}"
EndProject
Project("{FAE04EC0-301F-11D3-BF4B-00C04F79EFBC}") = "PaymentProcessOutboxJob", "PAYMENT\PaymentProcessOutboxJob\PaymentProcessOutboxJob.csproj", "{673A9374-A85F-42C8-AA74-19443980201D}"
EndProject
Global
	GlobalSection(SolutionConfigurationPlatforms) = preSolution
		Debug|Any CPU = Debug|Any CPU
		Release|Any CPU = Release|Any CPU
	EndGlobalSection
	GlobalSection(ProjectConfigurationPlatforms) = postSolution
		{4AECE11B-AAEE-41A2-BD96-EFE007EF8FA1}.Debug|Any CPU.ActiveCfg = Debug|Any CPU
		{4AECE11B-AAEE-41A2-BD96-EFE007EF8FA1}.Debug|Any CPU.Build.0 = Debug|Any CPU
		{4AECE11B-AAEE-41A2-BD96-EFE007EF8FA1}.Release|Any CPU.ActiveCfg = Release|Any CPU
		{4AECE11B-AAEE-41A2-BD96-EFE007EF8FA1}.Release|Any CPU.Build.0 = Release|Any CPU
		{C85534E5-2378-4201-B351-CA3CD4346141}.Debug|Any CPU.ActiveCfg = Debug|Any CPU
		{C85534E5-2378-4201-B351-CA3CD4346141}.Debug|Any CPU.Build.0 = Debug|Any CPU
		{C85534E5-2378-4201-B351-CA3CD4346141}.Release|Any CPU.ActiveCfg = Release|Any CPU
		{C85534E5-2378-4201-B351-CA3CD4346141}.Release|Any CPU.Build.0 = Release|Any CPU
		{5B63F48E-269C-4E15-BA51-A6BD398B298E}.Debug|Any CPU.ActiveCfg = Debug|Any CPU
		{5B63F48E-269C-4E15-BA51-A6BD398B298E}.Debug|Any CPU.Build.0 = Debug|Any CPU
		{5B63F48E-269C-4E15-BA51-A6BD398B298E}.Release|Any CPU.ActiveCfg = Release|Any CPU
		{5B63F48E-269C-4E15-BA51-A6BD398B298E}.Release|Any CPU.Build.0 = Release|Any CPU
		{93F11B6B-55F6-498E-BD28-8F871276724F}.Debug|Any CPU.ActiveCfg = Debug|Any CPU
		{93F11B6B-55F6-498E-BD28-8F871276724F}.Debug|Any CPU.Build.0 = Debug|Any CPU
		{93F11B6B-55F6-498E-BD28-8F871276724F}.Release|Any CPU.ActiveCfg = Release|Any CPU
		{93F11B6B-55F6-498E-BD28-8F871276724F}.Release|Any CPU.Build.0 = Release|Any CPU
		{8EFBBA04-C9B2-4A47-A8DA-DCF93A3A782E}.Debug|Any CPU.ActiveCfg = Debug|Any CPU
		{8EFBBA04-C9B2-4A47-A8DA-DCF93A3A782E}.Debug|Any CPU.Build.0 = Debug|Any CPU
		{8EFBBA04-C9B2-4A47-A8DA-DCF93A3A782E}.Release|Any CPU.ActiveCfg = Release|Any CPU
		{8EFBBA04-C9B2-4A47-A8DA-DCF93A3A782E}.Release|Any CPU.Build.0 = Release|Any CPU
		{46BEEBDB-E35C-4E90-AD14-F2739A6E3982}.Debug|Any CPU.ActiveCfg = Debug|Any CPU
		{46BEEBDB-E35C-4E90-AD14-F2739A6E3982}.Debug|Any CPU.Build.0 = Debug|Any CPU
		{46BEEBDB-E35C-4E90-AD14-F2739A6E3982}.Release|Any CPU.ActiveCfg = Release|Any CPU
		{46BEEBDB-E35C-4E90-AD14-F2739A6E3982}.Release|Any CPU.Build.0 = Release|Any CPU
		{A2C3E0A8-DF93-429C-9C43-C53FA6BC52FA}.Debug|Any CPU.ActiveCfg = Debug|Any CPU
		{A2C3E0A8-DF93-429C-9C43-C53FA6BC52FA}.Debug|Any CPU.Build.0 = Debug|Any CPU
		{A2C3E0A8-DF93-429C-9C43-C53FA6BC52FA}.Release|Any CPU.ActiveCfg = Release|Any CPU
		{A2C3E0A8-DF93-429C-9C43-C53FA6BC52FA}.Release|Any CPU.Build.0 = Release|Any CPU
		{434CDA23-337D-4B91-BCE6-DBD90987615C}.Debug|Any CPU.ActiveCfg = Debug|Any CPU
		{434CDA23-337D-4B91-BCE6-DBD90987615C}.Debug|Any CPU.Build.0 = Debug|Any CPU
		{434CDA23-337D-4B91-BCE6-DBD90987615C}.Release|Any CPU.ActiveCfg = Release|Any CPU
		{434CDA23-337D-4B91-BCE6-DBD90987615C}.Release|Any CPU.Build.0 = Release|Any CPU
		{4B847FDB-DB21-4A4F-9213-E61918C09890}.Debug|Any CPU.ActiveCfg = Debug|Any CPU
		{4B847FDB-DB21-4A4F-9213-E61918C09890}.Debug|Any CPU.Build.0 = Debug|Any CPU
		{4B847FDB-DB21-4A4F-9213-E61918C09890}.Release|Any CPU.ActiveCfg = Release|Any CPU
		{4B847FDB-DB21-4A4F-9213-E61918C09890}.Release|Any CPU.Build.0 = Release|Any CPU
		{4233269B-B13F-4575-9102-92DD8AEEEB07}.Debug|Any CPU.ActiveCfg = Debug|Any CPU
		{4233269B-B13F-4575-9102-92DD8AEEEB07}.Debug|Any CPU.Build.0 = Debug|Any CPU
		{4233269B-B13F-4575-9102-92DD8AEEEB07}.Release|Any CPU.ActiveCfg = Release|Any CPU
		{4233269B-B13F-4575-9102-92DD8AEEEB07}.Release|Any CPU.Build.0 = Release|Any CPU
		{9B5780AF-1747-41F5-9A36-332102FDE307}.Debug|Any CPU.ActiveCfg = Debug|Any CPU
		{9B5780AF-1747-41F5-9A36-332102FDE307}.Debug|Any CPU.Build.0 = Debug|Any CPU
		{9B5780AF-1747-41F5-9A36-332102FDE307}.Release|Any CPU.ActiveCfg = Release|Any CPU
		{9B5780AF-1747-41F5-9A36-332102FDE307}.Release|Any CPU.Build.0 = Release|Any CPU
		{673A9374-A85F-42C8-AA74-19443980201D}.Debug|Any CPU.ActiveCfg = Debug|Any CPU
		{673A9374-A85F-42C8-AA74-19443980201D}.Debug|Any CPU.Build.0 = Debug|Any CPU
		{673A9374-A85F-42C8-AA74-19443980201D}.Release|Any CPU.ActiveCfg = Release|Any CPU
		{673A9374-A85F-42C8-AA74-19443980201D}.Release|Any CPU.Build.0 = Release|Any CPU
	EndGlobalSection
	GlobalSection(SolutionProperties) = preSolution
		HideSolutionNode = FALSE
	EndGlobalSection
	GlobalSection(NestedProjects) = preSolution
		{4AECE11B-AAEE-41A2-BD96-EFE007EF8FA1} = {F55AAB50-E804-4340-B561-ABB93B55640D}
		{C85534E5-2378-4201-B351-CA3CD4346141} = {F55AAB50-E804-4340-B561-ABB93B55640D}
		{5B63F48E-269C-4E15-BA51-A6BD398B298E} = {85DD3358-6299-430F-9DF0-5EB361D7141D}
		{93F11B6B-55F6-498E-BD28-8F871276724F} = {EE876E71-F07D-4630-9352-0C60598BAF2E}
		{8EFBBA04-C9B2-4A47-A8DA-DCF93A3A782E} = {EE876E71-F07D-4630-9352-0C60598BAF2E}
		{46BEEBDB-E35C-4E90-AD14-F2739A6E3982} = {D6D41B05-C283-4169-85EE-8167599C3507}
		{9CD39D68-99A3-495C-944F-30740C29A372} = {D7FB9F31-243D-4995-A49D-208AB04C48F8}
		{A2C3E0A8-DF93-429C-9C43-C53FA6BC52FA} = {9CD39D68-99A3-495C-944F-30740C29A372}
		{434CDA23-337D-4B91-BCE6-DBD90987615C} = {9CD39D68-99A3-495C-944F-30740C29A372}
		{04F96ED8-CF1F-4304-87C0-A1A7C2D6FD69} = {D7FB9F31-243D-4995-A49D-208AB04C48F8}
		{4B847FDB-DB21-4A4F-9213-E61918C09890} = {04F96ED8-CF1F-4304-87C0-A1A7C2D6FD69}
		{FCD0D02F-5A56-4604-BD84-59F56403BD48} = {D7FB9F31-243D-4995-A49D-208AB04C48F8}
		{4233269B-B13F-4575-9102-92DD8AEEEB07} = {FCD0D02F-5A56-4604-BD84-59F56403BD48}
		{673A9374-A85F-42C8-AA74-19443980201D} = {D7FB9F31-243D-4995-A49D-208AB04C48F8}
	EndGlobalSection
	GlobalSection(ExtensibilityGlobals) = postSolution
		SolutionGuid = {687AA714-493F-4CE7-AAB3-4CD6B6ED0D60}
	EndGlobalSection
EndGlobal
